
Microsoft Visual Studio Solution File, Format Version 12.00
# Visual Studio Version 17
VisualStudioVersion = 17.11.35431.28
MinimumVisualStudioVersion = 10.0.40219.1
Project("{FAE04EC0-301F-11D3-BF4B-00C04F79EFBC}") = "App1", "App1.csproj", "{95A2C3F9-8A66-48DD-B589-4E41FF75B997}"
EndProject
Global
	GlobalSection(SolutionConfigurationPlatforms) = preSolution
		Debug|Any CPU = Debug|Any CPU
		Release|Any CPU = Release|Any CPU
	EndGlobalSection
	GlobalSection(ProjectConfigurationPlatforms) = postSolution
		{95A2C3F9-8A66-48DD-B589-4E41FF75B997}.Debug|Any CPU.ActiveCfg = Debug|Any CPU
		{95A2C3F9-8A66-48DD-B589-4E41FF75B997}.Debug|Any CPU.Build.0 = Debug|Any CPU
		{95A2C3F9-8A66-48DD-B589-4E41FF75B997}.Release|Any CPU.ActiveCfg = Release|Any CPU
		{95A2C3F9-8A66-48DD-B589-4E41FF75B997}.Release|Any CPU.Build.0 = Release|Any CPU
	EndGlobalSection
	GlobalSection(SolutionProperties) = preSolution
		HideSolutionNode = FALSE
	EndGlobalSection
	GlobalSection(ExtensibilityGlobals) = postSolution
		SolutionGuid = {F7C4771C-6161-4C7F-9BFA-46CD23E59249}
	EndGlobalSection
EndGlobal
